{
  "version": 1,
  "dependencies": {
    ".NETCoreApp,Version=v5.0": {
      "Microsoft.CodeAnalysis.NetAnalyzers": {
        "type": "Direct",
        "requested": "[6.0.0, )",
        "resolved": "6.0.0",
        "contentHash": "cjG06LMeOADNUeCUaklOfVgrnVkLy80H5PVll4QHDUXv+C+6G9rHczrNdWjfb3xKv3Ts9s4UsP6J2ZWe52Gz4Q=="
      },
      "Microsoft.VisualStudio.Threading.Analyzers": {
        "type": "Direct",
        "requested": "[17.1.46, )",
        "resolved": "17.1.46",
        "contentHash": "7pImoMcQaWZYAwu1aDBB8yBkvgad13yjrRHQ65pwHMX757vZ49OrNaEuRSLDu2PjZGonsTkQAJK8JK4W/wW4bw=="
      },
      "Swashbuckle.AspNetCore": {
        "type": "Direct",
        "requested": "[5.6.3, )",
        "resolved": "5.6.3",
        "contentHash": "UkL9GU0mfaA+7RwYjEaBFvAzL8qNQhNqAeV5uaWUu/Z+fVgvK9FHkGCpTXBqSQeIHuZaIElzxnLDdIqGzuCnVg==",
        "dependencies": {
          "Microsoft.Extensions.ApiDescription.Server": "3.0.0",
          "Swashbuckle.AspNetCore.Swagger": "5.6.3",
          "Swashbuckle.AspNetCore.SwaggerGen": "5.6.3",
          "Swashbuckle.AspNetCore.SwaggerUI": "5.6.3"
        }
      },
      "Microsoft.Extensions.ApiDescription.Server": {
        "type": "Transitive",
        "resolved": "3.0.0",
        "contentHash": "LH4OE/76F6sOCslif7+Xh3fS/wUUrE5ryeXAMcoCnuwOQGT5Smw0p57IgDh/pHgHaGz/e+AmEQb7pRgb++wt0w=="
      },
      "Microsoft.IdentityModel.Abstractions": {
        "type": "Transitive",
        "resolved": "6.18.0",
        "contentHash": "ItCO09JoIQr9sY0AumHRLJKToMKM4/jFcBsg3uhKBZZLX1KPxjed/mKrQzo9PXiarfC87rguvFWWg9C996sEqA=="
      },
      "Microsoft.OpenApi": {
        "type": "Transitive",
        "resolved": "1.2.3",
        "contentHash": "Nug3rO+7Kl5/SBAadzSMAVgqDlfGjJZ0GenQrLywJ84XGKO0uRqkunz5Wyl0SDwcR71bAATXvSdbdzPrYRYKGw=="
      },
      "Swashbuckle.AspNetCore.Swagger": {
        "type": "Transitive",
        "resolved": "5.6.3",
        "contentHash": "rn/MmLscjg6WSnTZabojx5DQYle2GjPanSPbCU3Kw8Hy72KyQR3uy8R1Aew5vpNALjfUFm2M/vwUtqdOlzw+GA==",
        "dependencies": {
          "Microsoft.OpenApi": "1.2.3"
        }
      },
      "Swashbuckle.AspNetCore.SwaggerGen": {
        "type": "Transitive",
        "resolved": "5.6.3",
        "contentHash": "CkhVeod/iLd3ikVTDOwG5sym8BE5xbqGJ15iF3cC7ZPg2kEwDQL4a88xjkzsvC9oOB2ax6B0rK0EgRK+eOBX+w==",
        "dependencies": {
          "Swashbuckle.AspNetCore.Swagger": "5.6.3"
        }
      },
      "Swashbuckle.AspNetCore.SwaggerUI": {
        "type": "Transitive",
        "resolved": "5.6.3",
        "contentHash": "BPvcPxQRMsYZ3HnYmGKRWDwX4Wo29WHh14Q6B10BB8Yfbbcza+agOC2UrBFA1EuaZuOsFLbp6E2+mqVNF/Je8A=="
      },
      "microsoft.identity.client": {
        "type": "Project",
        "dependencies": {
          "Microsoft.IdentityModel.Abstractions": "6.18.0"
        }
      }
    }
  }
}