{
  "version": 1,
  "dependencies": {
    "net5.0-windows10.0.17763": {
      "Microsoft.CodeAnalysis.NetAnalyzers": {
        "type": "Direct",
        "requested": "[6.0.0, )",
        "resolved": "6.0.0",
        "contentHash": "cjG06LMeOADNUeCUaklOfVgrnVkLy80H5PVll4QHDUXv+C+6G9rHczrNdWjfb3xKv3Ts9s4UsP6J2ZWe52Gz4Q=="
      },
      "Microsoft.VisualStudio.Threading.Analyzers": {
        "type": "Direct",
        "requested": "[17.1.46, )",
        "resolved": "17.1.46",
        "contentHash": "7pImoMcQaWZYAwu1aDBB8yBkvgad13yjrRHQ65pwHMX757vZ49OrNaEuRSLDu2PjZGonsTkQAJK8JK4W/wW4bw=="
      },
      "Microsoft.IdentityModel.Abstractions": {
        "type": "Transitive",
        "resolved": "6.18.0",
        "contentHash": "ItCO09JoIQr9sY0AumHRLJKToMKM4/jFcBsg3uhKBZZLX1KPxjed/mKrQzo9PXiarfC87rguvFWWg9C996sEqA=="
      },
      "Microsoft.Web.WebView2": {
        "type": "Transitive",
        "resolved": "1.0.864.35",
        "contentHash": "V1qyLRiAZ31qmOOCFCjoONgaUfvJRiTHWcJWkT3V7pluM2+P6QAgqmbE4UX7Gt4sh6eN34wqM30OnTZ6HXI/sw=="
      },
      "microsoft.identity.client": {
        "type": "Project",
        "dependencies": {
          "Microsoft.IdentityModel.Abstractions": "6.18.0",
          "Microsoft.Web.WebView2": "1.0.864.35"
        }
      }
    }
  }
}