{
  "version": 1,
  "dependencies": {
    ".NETFramework,Version=v4.6.1": {
      "CommandLineParser": {
        "type": "Direct",
        "requested": "[2.4.3, )",
        "resolved": "2.4.3",
        "contentHash": "U2FC9Y8NyIxxU6MpFFdWWu1xwiqz/61v/Doou7kmVjpeIEMLWyiNNkzNlSE84kyJ0O1LKApuEj5z48Ow0Hi4OQ=="
      },
      "Microsoft.CodeAnalysis.NetAnalyzers": {
        "type": "Direct",
        "requested": "[6.0.0, )",
        "resolved": "6.0.0",
        "contentHash": "cjG06LMeOADNUeCUaklOfVgrnVkLy80H5PVll4QHDUXv+C+6G9rHczrNdWjfb3xKv3Ts9s4UsP6J2ZWe52Gz4Q=="
      },
      "Microsoft.VisualStudio.Threading.Analyzers": {
        "type": "Direct",
        "requested": "[17.1.46, )",
        "resolved": "17.1.46",
        "contentHash": "7pImoMcQaWZYAwu1aDBB8yBkvgad13yjrRHQ65pwHMX757vZ49OrNaEuRSLDu2PjZGonsTkQAJK8JK4W/wW4bw=="
      },
      "Newtonsoft.Json": {
        "type": "Direct",
        "requested": "[13.0.1, )",
        "resolved": "13.0.1",
        "contentHash": "ppPFpBcvxdsfUonNcvITKqLl3bqxWbDCZIzDWHzjpdAHRFfZe0Dw9HmA0+za13IdyrgJwpkDTDA9fHaxOrt20A=="
      },
      "commoncache.test.common": {
        "type": "Project",
        "dependencies": {
          "CommandLineParser": "2.4.3",
          "Newtonsoft.Json": "13.0.1"
        }
      }
    },
    ".NETFramework,Version=v4.6.1/win7-x86": {}
  }
}